
Microsoft Visual Studio Solution File, Format Version 12.00
# Visual Studio Version 16
VisualStudioVersion = 16.0.32630.194
MinimumVisualStudioVersion = 10.0.40219.1
Project("{FAE04EC0-301F-11D3-BF4B-00C04F79EFBC}") = "eratosfen1", "eratosfen1\eratosfen1.csproj", "{D5C1E878-B952-4EF3-B29F-98F44F523BBD}"
EndProject
Global
	GlobalSection(SolutionConfigurationPlatforms) = preSolution
		Debug|Any CPU = Debug|Any CPU
		Release|Any CPU = Release|Any CPU
	EndGlobalSection
	GlobalSection(ProjectConfigurationPlatforms) = postSolution
		{D5C1E878-B952-4EF3-B29F-98F44F523BBD}.Debug|Any CPU.ActiveCfg = Debug|Any CPU
		{D5C1E878-B952-4EF3-B29F-98F44F523BBD}.Debug|Any CPU.Build.0 = Debug|Any CPU
		{D5C1E878-B952-4EF3-B29F-98F44F523BBD}.Release|Any CPU.ActiveCfg = Release|Any CPU
		{D5C1E878-B952-4EF3-B29F-98F44F523BBD}.Release|Any CPU.Build.0 = Release|Any CPU
	EndGlobalSection
	GlobalSection(SolutionProperties) = preSolution
		HideSolutionNode = FALSE
	EndGlobalSection
	GlobalSection(ExtensibilityGlobals) = postSolution
		SolutionGuid = {AFCD3833-FFAF-41EE-B89E-E518ADCD97F3}
	EndGlobalSection
EndGlobal
